
Microsoft Visual Studio Solution File, Format Version 12.00
# Visual Studio Version 16
VisualStudioVersion = 16.0.29230.61
MinimumVisualStudioVersion = 10.0.40219.1
Project("{FAE04EC0-301F-11D3-BF4B-00C04F79EFBC}") = "LargeSort.Generator", "LargeSort.Generator\LargeSort.Generator.csproj", "{A7DF6E8D-263C-4348-A8A8-05C150AC9259}"
EndProject
Project("{FAE04EC0-301F-11D3-BF4B-00C04F79EFBC}") = "LargeSort.FileSystem", "LargeSort.FileSystem\LargeSort.FileSystem.csproj", "{13D4878B-C7FD-49CE-BC3A-7CEF2654DE25}"
EndProject
Project("{FAE04EC0-301F-11D3-BF4B-00C04F79EFBC}") = "LargeSort.FileSystem.Benchmark", "LargeSort.FileSystem.Benchmark\LargeSort.FileSystem.Benchmark.csproj", "{CE898686-84D1-432F-BDA7-1827DE5D75F7}"
EndProject
Global
	GlobalSection(SolutionConfigurationPlatforms) = preSolution
		Debug|Any CPU = Debug|Any CPU
		Release|Any CPU = Release|Any CPU
	EndGlobalSection
	GlobalSection(ProjectConfigurationPlatforms) = postSolution
		{A7DF6E8D-263C-4348-A8A8-05C150AC9259}.Debug|Any CPU.ActiveCfg = Debug|Any CPU
		{A7DF6E8D-263C-4348-A8A8-05C150AC9259}.Debug|Any CPU.Build.0 = Debug|Any CPU
		{A7DF6E8D-263C-4348-A8A8-05C150AC9259}.Release|Any CPU.ActiveCfg = Release|Any CPU
		{A7DF6E8D-263C-4348-A8A8-05C150AC9259}.Release|Any CPU.Build.0 = Release|Any CPU
		{13D4878B-C7FD-49CE-BC3A-7CEF2654DE25}.Debug|Any CPU.ActiveCfg = Debug|Any CPU
		{13D4878B-C7FD-49CE-BC3A-7CEF2654DE25}.Debug|Any CPU.Build.0 = Debug|Any CPU
		{13D4878B-C7FD-49CE-BC3A-7CEF2654DE25}.Release|Any CPU.ActiveCfg = Release|Any CPU
		{13D4878B-C7FD-49CE-BC3A-7CEF2654DE25}.Release|Any CPU.Build.0 = Release|Any CPU
		{CE898686-84D1-432F-BDA7-1827DE5D75F7}.Debug|Any CPU.ActiveCfg = Debug|Any CPU
		{CE898686-84D1-432F-BDA7-1827DE5D75F7}.Debug|Any CPU.Build.0 = Debug|Any CPU
		{CE898686-84D1-432F-BDA7-1827DE5D75F7}.Release|Any CPU.ActiveCfg = Release|Any CPU
		{CE898686-84D1-432F-BDA7-1827DE5D75F7}.Release|Any CPU.Build.0 = Release|Any CPU
	EndGlobalSection
	GlobalSection(SolutionProperties) = preSolution
		HideSolutionNode = FALSE
	EndGlobalSection
	GlobalSection(ExtensibilityGlobals) = postSolution
		SolutionGuid = {1B3BA4B1-9D1C-4AEA-8D2B-ABD41EA984ED}
	EndGlobalSection
EndGlobal
